
Microsoft Visual Studio Solution File, Format Version 12.00
# Visual Studio 15
VisualStudioVersion = 15.0.27130.2036
MinimumVisualStudioVersion = 10.0.40219.1
Project("{FAE04EC0-301F-11D3-BF4B-00C04F79EFBC}") = "DocumentsMerger", "DocumentsMerger\DocumentsMerger.csproj", "{62DAE92E-3DCD-47B9-9C50-EC7829981D16}"
EndProject
Global
	GlobalSection(SolutionConfigurationPlatforms) = preSolution
		Debug|Any CPU = Debug|Any CPU
		Release|Any CPU = Release|Any CPU
	EndGlobalSection
	GlobalSection(ProjectConfigurationPlatforms) = postSolution
		{62DAE92E-3DCD-47B9-9C50-EC7829981D16}.Debug|Any CPU.ActiveCfg = Debug|Any CPU
		{62DAE92E-3DCD-47B9-9C50-EC7829981D16}.Debug|Any CPU.Build.0 = Debug|Any CPU
		{62DAE92E-3DCD-47B9-9C50-EC7829981D16}.Release|Any CPU.ActiveCfg = Release|Any CPU
		{62DAE92E-3DCD-47B9-9C50-EC7829981D16}.Release|Any CPU.Build.0 = Release|Any CPU
	EndGlobalSection
	GlobalSection(SolutionProperties) = preSolution
		HideSolutionNode = FALSE
	EndGlobalSection
	GlobalSection(ExtensibilityGlobals) = postSolution
		SolutionGuid = {7D88F990-8CD3-4F2F-9C7C-C966F0D72D9D}
	EndGlobalSection
EndGlobal
